
Microsoft Visual Studio Solution File, Format Version 12.00
# Visual Studio Version 17
VisualStudioVersion = 17.7.34024.191
MinimumVisualStudioVersion = 10.0.40219.1
Project("{FAE04EC0-301F-11D3-BF4B-00C04F79EFBC}") = "Bai4", "Bai4\Bai4.csproj", "{955A9899-128D-438A-BCF3-59A2771BDE3D}"
EndProject
Global
	GlobalSection(SolutionConfigurationPlatforms) = preSolution
		Debug|Any CPU = Debug|Any CPU
		Release|Any CPU = Release|Any CPU
	EndGlobalSection
	GlobalSection(ProjectConfigurationPlatforms) = postSolution
		{955A9899-128D-438A-BCF3-59A2771BDE3D}.Debug|Any CPU.ActiveCfg = Debug|Any CPU
		{955A9899-128D-438A-BCF3-59A2771BDE3D}.Debug|Any CPU.Build.0 = Debug|Any CPU
		{955A9899-128D-438A-BCF3-59A2771BDE3D}.Release|Any CPU.ActiveCfg = Release|Any CPU
		{955A9899-128D-438A-BCF3-59A2771BDE3D}.Release|Any CPU.Build.0 = Release|Any CPU
	EndGlobalSection
	GlobalSection(SolutionProperties) = preSolution
		HideSolutionNode = FALSE
	EndGlobalSection
	GlobalSection(ExtensibilityGlobals) = postSolution
		SolutionGuid = {492F34C3-3770-48C4-93D3-A58B36E7000C}
	EndGlobalSection
EndGlobal
