
Microsoft Visual Studio Solution File, Format Version 12.00
# Visual Studio Version 17
VisualStudioVersion = 17.7.34024.191
MinimumVisualStudioVersion = 10.0.40219.1
Project("{FAE04EC0-301F-11D3-BF4B-00C04F79EFBC}") = "Bai22", "Bai22\Bai22.csproj", "{297F1747-BC07-466B-B350-BFA252F4ACC6}"
EndProject
Global
	GlobalSection(SolutionConfigurationPlatforms) = preSolution
		Debug|Any CPU = Debug|Any CPU
		Release|Any CPU = Release|Any CPU
	EndGlobalSection
	GlobalSection(ProjectConfigurationPlatforms) = postSolution
		{297F1747-BC07-466B-B350-BFA252F4ACC6}.Debug|Any CPU.ActiveCfg = Debug|Any CPU
		{297F1747-BC07-466B-B350-BFA252F4ACC6}.Debug|Any CPU.Build.0 = Debug|Any CPU
		{297F1747-BC07-466B-B350-BFA252F4ACC6}.Release|Any CPU.ActiveCfg = Release|Any CPU
		{297F1747-BC07-466B-B350-BFA252F4ACC6}.Release|Any CPU.Build.0 = Release|Any CPU
	EndGlobalSection
	GlobalSection(SolutionProperties) = preSolution
		HideSolutionNode = FALSE
	EndGlobalSection
	GlobalSection(ExtensibilityGlobals) = postSolution
		SolutionGuid = {7AAB8162-53E6-4298-8C6C-3EFF9AF76764}
	EndGlobalSection
EndGlobal
