
Microsoft Visual Studio Solution File, Format Version 12.00
# Visual Studio Version 17
VisualStudioVersion = 17.7.34024.191
MinimumVisualStudioVersion = 10.0.40219.1
Project("{FAE04EC0-301F-11D3-BF4B-00C04F79EFBC}") = "Bai6", "Bai6\Bai6.csproj", "{2691B948-F263-407A-9F7A-0BE7FDB62DF1}"
EndProject
Global
	GlobalSection(SolutionConfigurationPlatforms) = preSolution
		Debug|Any CPU = Debug|Any CPU
		Release|Any CPU = Release|Any CPU
	EndGlobalSection
	GlobalSection(ProjectConfigurationPlatforms) = postSolution
		{2691B948-F263-407A-9F7A-0BE7FDB62DF1}.Debug|Any CPU.ActiveCfg = Debug|Any CPU
		{2691B948-F263-407A-9F7A-0BE7FDB62DF1}.Debug|Any CPU.Build.0 = Debug|Any CPU
		{2691B948-F263-407A-9F7A-0BE7FDB62DF1}.Release|Any CPU.ActiveCfg = Release|Any CPU
		{2691B948-F263-407A-9F7A-0BE7FDB62DF1}.Release|Any CPU.Build.0 = Release|Any CPU
	EndGlobalSection
	GlobalSection(SolutionProperties) = preSolution
		HideSolutionNode = FALSE
	EndGlobalSection
	GlobalSection(ExtensibilityGlobals) = postSolution
		SolutionGuid = {10880642-6919-4111-BDBD-00270BEBA4D0}
	EndGlobalSection
EndGlobal
