
Microsoft Visual Studio Solution File, Format Version 12.00
# Visual Studio Version 17
VisualStudioVersion = 17.7.34024.191
MinimumVisualStudioVersion = 10.0.40219.1
Project("{FAE04EC0-301F-11D3-BF4B-00C04F79EFBC}") = "Bai19", "Bai19\Bai19.csproj", "{D649DF65-2553-489F-BEF3-220072B91D3D}"
EndProject
Global
	GlobalSection(SolutionConfigurationPlatforms) = preSolution
		Debug|Any CPU = Debug|Any CPU
		Release|Any CPU = Release|Any CPU
	EndGlobalSection
	GlobalSection(ProjectConfigurationPlatforms) = postSolution
		{D649DF65-2553-489F-BEF3-220072B91D3D}.Debug|Any CPU.ActiveCfg = Debug|Any CPU
		{D649DF65-2553-489F-BEF3-220072B91D3D}.Debug|Any CPU.Build.0 = Debug|Any CPU
		{D649DF65-2553-489F-BEF3-220072B91D3D}.Release|Any CPU.ActiveCfg = Release|Any CPU
		{D649DF65-2553-489F-BEF3-220072B91D3D}.Release|Any CPU.Build.0 = Release|Any CPU
	EndGlobalSection
	GlobalSection(SolutionProperties) = preSolution
		HideSolutionNode = FALSE
	EndGlobalSection
	GlobalSection(ExtensibilityGlobals) = postSolution
		SolutionGuid = {903E8E10-6B12-44B5-93F4-269DD9C5B9E0}
	EndGlobalSection
EndGlobal
